
Microsoft Visual Studio Solution File, Format Version 12.00
# Visual Studio Version 17
VisualStudioVersion = 17.6.33829.357
MinimumVisualStudioVersion = 10.0.40219.1
Project("{FAE04EC0-301F-11D3-BF4B-00C04F79EFBC}") = "MiniMailProject.Core", "MiniMailProject.Core\MiniMailProject.Core.csproj", "{01880B3A-566E-4A16-92BC-32D506D97F2F}"
EndProject
Project("{FAE04EC0-301F-11D3-BF4B-00C04F79EFBC}") = "MiniMailProject.Repository", "MiniMailProject.Repository\MiniMailProject.Repository.csproj", "{4AA539D6-B62B-4D50-855E-DA2AB44FB048}"
EndProject
Project("{FAE04EC0-301F-11D3-BF4B-00C04F79EFBC}") = "MiniMailProject.Service", "MiniMailProject.Service\MiniMailProject.Service.csproj", "{DA36FDAE-C616-48B8-A7B9-EF70BFF9D4B2}"
EndProject
Project("{FAE04EC0-301F-11D3-BF4B-00C04F79EFBC}") = "MiniMailProject.API", "MiniMailProject.API\MiniMailProject.API.csproj", "{9C6211D0-4ABE-42B2-BBC3-D32A032287B1}"
EndProject
Global
	GlobalSection(SolutionConfigurationPlatforms) = preSolution
		Debug|Any CPU = Debug|Any CPU
		Release|Any CPU = Release|Any CPU
	EndGlobalSection
	GlobalSection(ProjectConfigurationPlatforms) = postSolution
		{01880B3A-566E-4A16-92BC-32D506D97F2F}.Debug|Any CPU.ActiveCfg = Debug|Any CPU
		{01880B3A-566E-4A16-92BC-32D506D97F2F}.Debug|Any CPU.Build.0 = Debug|Any CPU
		{01880B3A-566E-4A16-92BC-32D506D97F2F}.Release|Any CPU.ActiveCfg = Release|Any CPU
		{01880B3A-566E-4A16-92BC-32D506D97F2F}.Release|Any CPU.Build.0 = Release|Any CPU
		{4AA539D6-B62B-4D50-855E-DA2AB44FB048}.Debug|Any CPU.ActiveCfg = Debug|Any CPU
		{4AA539D6-B62B-4D50-855E-DA2AB44FB048}.Debug|Any CPU.Build.0 = Debug|Any CPU
		{4AA539D6-B62B-4D50-855E-DA2AB44FB048}.Release|Any CPU.ActiveCfg = Release|Any CPU
		{4AA539D6-B62B-4D50-855E-DA2AB44FB048}.Release|Any CPU.Build.0 = Release|Any CPU
		{DA36FDAE-C616-48B8-A7B9-EF70BFF9D4B2}.Debug|Any CPU.ActiveCfg = Debug|Any CPU
		{DA36FDAE-C616-48B8-A7B9-EF70BFF9D4B2}.Debug|Any CPU.Build.0 = Debug|Any CPU
		{DA36FDAE-C616-48B8-A7B9-EF70BFF9D4B2}.Release|Any CPU.ActiveCfg = Release|Any CPU
		{DA36FDAE-C616-48B8-A7B9-EF70BFF9D4B2}.Release|Any CPU.Build.0 = Release|Any CPU
		{9C6211D0-4ABE-42B2-BBC3-D32A032287B1}.Debug|Any CPU.ActiveCfg = Debug|Any CPU
		{9C6211D0-4ABE-42B2-BBC3-D32A032287B1}.Debug|Any CPU.Build.0 = Debug|Any CPU
		{9C6211D0-4ABE-42B2-BBC3-D32A032287B1}.Release|Any CPU.ActiveCfg = Release|Any CPU
		{9C6211D0-4ABE-42B2-BBC3-D32A032287B1}.Release|Any CPU.Build.0 = Release|Any CPU
	EndGlobalSection
	GlobalSection(SolutionProperties) = preSolution
		HideSolutionNode = FALSE
	EndGlobalSection
	GlobalSection(ExtensibilityGlobals) = postSolution
		SolutionGuid = {840C8451-A0A7-4EA3-9552-32F21579D499}
	EndGlobalSection
EndGlobal
